// !$*UTF8*$!
{
	archiveVersion = 1;
	classes = {
	};
	objectVersion = 46;
	objects = {

/* Begin PBXBuildFile section */
		201A05B01651563200CCC3B5 /* UIViewController+AutoOrientation.m in Sources */ = {isa = PBXBuildFile; fileRef = 201A05AF1651563200CCC3B5 /* UIViewController+AutoOrientation.m */; };
		201A05F416516C8500CCC3B5 /* UIDevice+iPhone.m in Sources */ = {isa = PBXBuildFile; fileRef = 201A05F316516C8500CCC3B5 /* UIDevice+iPhone.m */; };
		202B23671533654900619462 /* NSStringWithMaxSize.m in Sources */ = {isa = PBXBuildFile; fileRef = 202B23661533654900619462 /* NSStringWithMaxSize.m */; };
		2039296D152612D600B791DF /* Parada.m in Sources */ = {isa = PBXBuildFile; fileRef = 2039296C152612D600B791DF /* Parada.m */; };
		203929711526134B00B791DF /* ParadaDataSource.m in Sources */ = {isa = PBXBuildFile; fileRef = 203929701526134B00B791DF /* ParadaDataSource.m */; };
		20392974152651E100B791DF /* DataSource.m in Sources */ = {isa = PBXBuildFile; fileRef = 20392973152651E100B791DF /* DataSource.m */; };
		2039297815265F6300B791DF /* ParadasViewController.m in Sources */ = {isa = PBXBuildFile; fileRef = 2039297615265F6300B791DF /* ParadasViewController.m */; };
		2039297B15265F8200B791DF /* MapKit.framework in Frameworks */ = {isa = PBXBuildFile; fileRef = 2039297A15265F8200B791DF /* MapKit.framework */; };
		2053E9871549FE1900B9F3FD /* Appirater.m in Sources */ = {isa = PBXBuildFile; fileRef = 2053E9861549FE1900B9F3FD /* Appirater.m */; settings = {COMPILER_FLAGS = "-fno-objc-arc"; }; };
		2053E9891549FF2900B9F3FD /* SystemConfiguration.framework in Frameworks */ = {isa = PBXBuildFile; fileRef = 2053E9881549FF2900B9F3FD /* SystemConfiguration.framework */; };
		2053E98B1549FF2E00B9F3FD /* CFNetwork.framework in Frameworks */ = {isa = PBXBuildFile; fileRef = 2053E98A1549FF2E00B9F3FD /* CFNetwork.framework */; };
		20569853152E404900F030BA /* Default@2x.png in Resources */ = {isa = PBXBuildFile; fileRef = 20569852152E404900F030BA /* Default@2x.png */; };
		20569856152E406E00F030BA /* Default.png in Resources */ = {isa = PBXBuildFile; fileRef = 20569855152E406E00F030BA /* Default.png */; };
		2056985C152E516200F030BA /* Icon.png in Resources */ = {isa = PBXBuildFile; fileRef = 2056985B152E516200F030BA /* Icon.png */; };
		2056985E152E516A00F030BA /* Icon@2x.png in Resources */ = {isa = PBXBuildFile; fileRef = 2056985D152E516A00F030BA /* Icon@2x.png */; };
		2070869A152CA3ED00EADA0F /* PontoDeOnibusController.m in Sources */ = {isa = PBXBuildFile; fileRef = 20708699152CA3ED00EADA0F /* PontoDeOnibusController.m */; };
		207086A2152CA88500EADA0F /* 242-Aim.png in Resources */ = {isa = PBXBuildFile; fileRef = 207086A1152CA88500EADA0F /* 242-Aim.png */; };
		207086A4152CA8B000EADA0F /* 242-Aim@2x.png in Resources */ = {isa = PBXBuildFile; fileRef = 207086A3152CA8B000EADA0F /* 242-Aim@2x.png */; };
		208A1C1D1524F7FE00335F87 /* UIKit.framework in Frameworks */ = {isa = PBXBuildFile; fileRef = 208A1C1C1524F7FE00335F87 /* UIKit.framework */; };
		208A1C1F1524F7FE00335F87 /* Foundation.framework in Frameworks */ = {isa = PBXBuildFile; fileRef = 208A1C1E1524F7FE00335F87 /* Foundation.framework */; };
		208A1C211524F7FE00335F87 /* CoreGraphics.framework in Frameworks */ = {isa = PBXBuildFile; fileRef = 208A1C201524F7FE00335F87 /* CoreGraphics.framework */; };
		208A1C291524F7FE00335F87 /* main.m in Sources */ = {isa = PBXBuildFile; fileRef = 208A1C281524F7FE00335F87 /* main.m */; };
		208A1C2D1524F7FE00335F87 /* AppDelegate.m in Sources */ = {isa = PBXBuildFile; fileRef = 208A1C2C1524F7FE00335F87 /* AppDelegate.m */; };
		208A1C351524FB1700335F87 /* Ponto.m in Sources */ = {isa = PBXBuildFile; fileRef = 208A1C341524FB1700335F87 /* Ponto.m */; };
		208A1C391524FB7100335F87 /* Onibus.m in Sources */ = {isa = PBXBuildFile; fileRef = 208A1C381524FB7100335F87 /* Onibus.m */; };
		208A1C421524FD6700335F87 /* OnibusDataSource.m in Sources */ = {isa = PBXBuildFile; fileRef = 208A1C411524FD6700335F87 /* OnibusDataSource.m */; };
		208A1C50152508DB00335F87 /* CoreLocation.framework in Frameworks */ = {isa = PBXBuildFile; fileRef = 208A1C4F152508DB00335F87 /* CoreLocation.framework */; };
		208DD3D5152A2B1100D730F8 /* MKMapView+ZoomOut.m in Sources */ = {isa = PBXBuildFile; fileRef = 208DD3D4152A2B1100D730F8 /* MKMapView+ZoomOut.m */; };
		208DD3DA152A2BCD00D730F8 /* Localizacao.m in Sources */ = {isa = PBXBuildFile; fileRef = 208DD3D9152A2BCD00D730F8 /* Localizacao.m */; };
		20B974FA15360CA2008DAD44 /* SemGps.xib in Resources */ = {isa = PBXBuildFile; fileRef = 20B974FC15360CA2008DAD44 /* SemGps.xib */; };
		20D8E3C4152B6241006C7328 /* 088-Map.png in Resources */ = {isa = PBXBuildFile; fileRef = 20D8E3C3152B6241006C7328 /* 088-Map.png */; };
		20D8E3C6152B6250006C7328 /* 088-Map@2x.png in Resources */ = {isa = PBXBuildFile; fileRef = 20D8E3C5152B6250006C7328 /* 088-Map@2x.png */; };
		20D8E3C9152B63CA006C7328 /* UIViewController+NavigationController.m in Sources */ = {isa = PBXBuildFile; fileRef = 20D8E3C8152B63CA006C7328 /* UIViewController+NavigationController.m */; };
		20D8E3CB152B66A2006C7328 /* 082-Location@2x.png in Resources */ = {isa = PBXBuildFile; fileRef = 20D8E3CA152B66A2006C7328 /* 082-Location@2x.png */; };
		20D8E3CD152B66B0006C7328 /* 082-Location.png in Resources */ = {isa = PBXBuildFile; fileRef = 20D8E3CC152B66B0006C7328 /* 082-Location.png */; };
		20D8E406152B7174006C7328 /* Localizable.strings in Resources */ = {isa = PBXBuildFile; fileRef = 20D8E408152B7174006C7328 /* Localizable.strings */; };
		20D8E412152B76C8006C7328 /* ListaPontoDeOnibusController.m in Sources */ = {isa = PBXBuildFile; fileRef = 20D8E40B152B7634006C7328 /* ListaPontoDeOnibusController.m */; };
		20D8E416152B77DC006C7328 /* PontosPorProximidadeController.m in Sources */ = {isa = PBXBuildFile; fileRef = 20D8E414152B77DC006C7328 /* PontosPorProximidadeController.m */; };
		20E3BD7C152DE888002CE5E6 /* UILabel+DetailLabel.m in Sources */ = {isa = PBXBuildFile; fileRef = 20E3BD7B152DE888002CE5E6 /* UILabel+DetailLabel.m */; };
		20EB2194152CBB5E0009BC49 /* AnnotationViewFactory.m in Sources */ = {isa = PBXBuildFile; fileRef = 20EB2193152CBB5E0009BC49 /* AnnotationViewFactory.m */; };
		20EB2196152CC0FB0009BC49 /* 081-GPS@2x.png in Resources */ = {isa = PBXBuildFile; fileRef = 20EB2195152CC0FB0009BC49 /* 081-GPS@2x.png */; };
		20EB2198152CC1080009BC49 /* 081-GPS.png in Resources */ = {isa = PBXBuildFile; fileRef = 20EB2197152CC1080009BC49 /* 081-GPS.png */; };
		20EB219A152CC9010009BC49 /* 002-HomeAlt@2x.png in Resources */ = {isa = PBXBuildFile; fileRef = 20EB2199152CC9010009BC49 /* 002-HomeAlt@2x.png */; };
		20EB219C152CC9120009BC49 /* 002-HomeAlt.png in Resources */ = {isa = PBXBuildFile; fileRef = 20EB219B152CC9120009BC49 /* 002-HomeAlt.png */; };
		20EB21AA152CFBAA0009BC49 /* EGORefreshTableHeaderView.m in Sources */ = {isa = PBXBuildFile; fileRef = 20EB21A8152CFB880009BC49 /* EGORefreshTableHeaderView.m */; settings = {COMPILER_FLAGS = "-fno-objc-arc"; }; };
		20EB21AC152CFBFB0009BC49 /* QuartzCore.framework in Frameworks */ = {isa = PBXBuildFile; fileRef = 20EB21AB152CFBFB0009BC49 /* QuartzCore.framework */; };
		20EB21BA152D04270009BC49 /* blackArrow.png in Resources */ = {isa = PBXBuildFile; fileRef = 20EB21B2152D04270009BC49 /* blackArrow.png */; };
		20EB21BB152D04270009BC49 /* blackArrow@2x.png in Resources */ = {isa = PBXBuildFile; fileRef = 20EB21B3152D04270009BC49 /* blackArrow@2x.png */; };
		20EB21BC152D04270009BC49 /* blueArrow.png in Resources */ = {isa = PBXBuildFile; fileRef = 20EB21B4152D04270009BC49 /* blueArrow.png */; };
		20EB21BD152D04270009BC49 /* blueArrow@2x.png in Resources */ = {isa = PBXBuildFile; fileRef = 20EB21B5152D04270009BC49 /* blueArrow@2x.png */; };
		20EB21BE152D04270009BC49 /* grayArrow.png in Resources */ = {isa = PBXBuildFile; fileRef = 20EB21B6152D04270009BC49 /* grayArrow.png */; };
		20EB21BF152D04270009BC49 /* grayArrow@2x.png in Resources */ = {isa = PBXBuildFile; fileRef = 20EB21B7152D04270009BC49 /* grayArrow@2x.png */; };
		20EB21C0152D04270009BC49 /* whiteArrow.png in Resources */ = {isa = PBXBuildFile; fileRef = 20EB21B8152D04270009BC49 /* whiteArrow.png */; };
		20EB21C1152D04270009BC49 /* whiteArrow@2x.png in Resources */ = {isa = PBXBuildFile; fileRef = 20EB21B9152D04270009BC49 /* whiteArrow@2x.png */; };
		20EB21CF152D20530009BC49 /* bus.png in Resources */ = {isa = PBXBuildFile; fileRef = 20EB21CD152D20530009BC49 /* bus.png */; };
		20EB21D0152D20530009BC49 /* bus@2x.png in Resources */ = {isa = PBXBuildFile; fileRef = 20EB21CE152D20530009BC49 /* bus@2x.png */; };
		20EB21D7152D24250009BC49 /* pin-bus.png in Resources */ = {isa = PBXBuildFile; fileRef = 20EB21D6152D24250009BC49 /* pin-bus.png */; };
		20EB21D9152D25AB0009BC49 /* pin-busstop.png in Resources */ = {isa = PBXBuildFile; fileRef = 20EB21D8152D25AB0009BC49 /* pin-busstop.png */; };
		20EB21DD152D26660009BC49 /* pin-bus-selected.png in Resources */ = {isa = PBXBuildFile; fileRef = 20EB21DC152D26660009BC49 /* pin-bus-selected.png */; };
		20EB21DF152D283E0009BC49 /* pin-current.png in Resources */ = {isa = PBXBuildFile; fileRef = 20EB21DE152D283E0009BC49 /* pin-current.png */; };
		20F5804C1535267500F1CAAB /* compass.png in Resources */ = {isa = PBXBuildFile; fileRef = 20F5804A1535267500F1CAAB /* compass.png */; };
		20F5804D1535267500F1CAAB /* compass@2x.png in Resources */ = {isa = PBXBuildFile; fileRef = 20F5804B1535267500F1CAAB /* compass@2x.png */; };
		20F5805C1535F76700F1CAAB /* GPSManager.m in Sources */ = {isa = PBXBuildFile; fileRef = 20F5805B1535F76700F1CAAB /* GPSManager.m */; };
		240DB81C15EC4E38B5D24AAB /* libPods.a in Frameworks */ = {isa = PBXBuildFile; fileRef = BDDFF3F780CE4FAEBF6C9AE7 /* libPods.a */; };
		772FAEDE162F903F000DAC1F /* Sentido.m in Sources */ = {isa = PBXBuildFile; fileRef = 772FAEDD162F903F000DAC1F /* Sentido.m */; };
		772FAEE2162F9289000DAC1F /* Operacao.m in Sources */ = {isa = PBXBuildFile; fileRef = 772FAEE1162F9288000DAC1F /* Operacao.m */; };
		77307D84175E996400B7B1E8 /* LegendaOnibus.m in Sources */ = {isa = PBXBuildFile; fileRef = 77307D83175E996400B7B1E8 /* LegendaOnibus.m */; };
		77307D87175E9C0C00B7B1E8 /* list.png in Resources */ = {isa = PBXBuildFile; fileRef = 77307D85175E9C0C00B7B1E8 /* list.png */; };
		77307D88175E9C0C00B7B1E8 /* list@2x.png in Resources */ = {isa = PBXBuildFile; fileRef = 77307D86175E9C0C00B7B1E8 /* list@2x.png */; };
		77307D8F175F7ED300B7B1E8 /* PontoUITableSection.m in Sources */ = {isa = PBXBuildFile; fileRef = 77307D8E175F7ED300B7B1E8 /* PontoUITableSection.m */; };
		77307D91175FDB5900B7B1E8 /* CoreData.framework in Frameworks */ = {isa = PBXBuildFile; fileRef = 77307D90175FDB5900B7B1E8 /* CoreData.framework */; };
		77307D95175FDD3000B7B1E8 /* BusaoSP.xcdatamodeld in Sources */ = {isa = PBXBuildFile; fileRef = 77307D93175FDD3000B7B1E8 /* BusaoSP.xcdatamodeld */; };
		77307D9B175FE0E200B7B1E8 /* LinhaDeOnibus.m in Sources */ = {isa = PBXBuildFile; fileRef = 77307D9A175FE0E200B7B1E8 /* LinhaDeOnibus.m */; };
		77307D9E175FE1EC00B7B1E8 /* NSManagedObject+ComFacilitadores.m in Sources */ = {isa = PBXBuildFile; fileRef = 77307D9C175FE1EC00B7B1E8 /* NSManagedObject+ComFacilitadores.m */; };
		77307DA5175FFEF600B7B1E8 /* favorite-star-gray.png in Resources */ = {isa = PBXBuildFile; fileRef = 77307DA3175FFEF600B7B1E8 /* favorite-star-gray.png */; };
		77307DA6175FFEF600B7B1E8 /* favorite-star.png in Resources */ = {isa = PBXBuildFile; fileRef = 77307DA4175FFEF600B7B1E8 /* favorite-star.png */; };
		7742E5FF17628F5700157A84 /* FavoritosController.m in Sources */ = {isa = PBXBuildFile; fileRef = 7742E5FE17628F5700157A84 /* FavoritosController.m */; };
		774C579616373A9500AAAF2A /* TempoRealDataSource.m in Sources */ = {isa = PBXBuildFile; fileRef = 774C579516373A9500AAAF2A /* TempoRealDataSource.m */; };
		774C579A1637438F00AAAF2A /* Veiculo.m in Sources */ = {isa = PBXBuildFile; fileRef = 774C57991637438F00AAAF2A /* Veiculo.m */; };
		77C0A5B317501B6D005D4823 /* DetalhesDoOnibusController.m in Sources */ = {isa = PBXBuildFile; fileRef = 77C0A5B117501B6D005D4823 /* DetalhesDoOnibusController.m */; };
		77C0A5B417501B6D005D4823 /* DetalhesDoOnibusController.xib in Resources */ = {isa = PBXBuildFile; fileRef = 77C0A5B217501B6D005D4823 /* DetalhesDoOnibusController.xib */; };
		77C0A5B817514733005D4823 /* pin-busstop-transp.png in Resources */ = {isa = PBXBuildFile; fileRef = 77C0A5B717514733005D4823 /* pin-busstop-transp.png */; };
		77C0A5BE1751B0A9005D4823 /* pin-bus-orange.png in Resources */ = {isa = PBXBuildFile; fileRef = 77C0A5BA1751B0A9005D4823 /* pin-bus-orange.png */; };
		77C0A5BF1751B0A9005D4823 /* pin-bus-red.png in Resources */ = {isa = PBXBuildFile; fileRef = 77C0A5BB1751B0A9005D4823 /* pin-bus-red.png */; };
		77C0A5C01751B0A9005D4823 /* pin-bus-yellow.png in Resources */ = {isa = PBXBuildFile; fileRef = 77C0A5BC1751B0A9005D4823 /* pin-bus-yellow.png */; };
		77C0A5C21751B0C9005D4823 /* pin-bus-green.png in Resources */ = {isa = PBXBuildFile; fileRef = 77C0A5C11751B0C9005D4823 /* pin-bus-green.png */; };
		77C3081C176DF3FD009CCA8A /* OnibusTableCell.m in Sources */ = {isa = PBXBuildFile; fileRef = 77C3081B176DF3FD009CCA8A /* OnibusTableCell.m */; };
/* End PBXBuildFile section */

/* Begin PBXFileReference section */
		201A05AE1651563200CCC3B5 /* UIViewController+AutoOrientation.h */ = {isa = PBXFileReference; fileEncoding = 4; lastKnownFileType = sourcecode.c.h; name = "UIViewController+AutoOrientation.h"; path = "../UIViewController+AutoOrientation.h"; sourceTree = "<group>"; };
		201A05AF1651563200CCC3B5 /* UIViewController+AutoOrientation.m */ = {isa = PBXFileReference; fileEncoding = 4; lastKnownFileType = sourcecode.c.objc; name = "UIViewController+AutoOrientation.m"; path = "../UIViewController+AutoOrientation.m"; sourceTree = "<group>"; };
		201A05F216516C8500CCC3B5 /* UIDevice+iPhone.h */ = {isa = PBXFileReference; fileEncoding = 4; lastKnownFileType = sourcecode.c.h; path = "UIDevice+iPhone.h"; sourceTree = "<group>"; };
		201A05F316516C8500CCC3B5 /* UIDevice+iPhone.m */ = {isa = PBXFileReference; fileEncoding = 4; lastKnownFileType = sourcecode.c.objc; path = "UIDevice+iPhone.m"; sourceTree = "<group>"; };
		202B23651533654900619462 /* NSStringWithMaxSize.h */ = {isa = PBXFileReference; fileEncoding = 4; lastKnownFileType = sourcecode.c.h; path = NSStringWithMaxSize.h; sourceTree = "<group>"; };
		202B23661533654900619462 /* NSStringWithMaxSize.m */ = {isa = PBXFileReference; fileEncoding = 4; lastKnownFileType = sourcecode.c.objc; path = NSStringWithMaxSize.m; sourceTree = "<group>"; };
		2039296B152612D600B791DF /* Parada.h */ = {isa = PBXFileReference; fileEncoding = 4; lastKnownFileType = sourcecode.c.h; path = Parada.h; sourceTree = "<group>"; };
		2039296C152612D600B791DF /* Parada.m */ = {isa = PBXFileReference; fileEncoding = 4; lastKnownFileType = sourcecode.c.objc; path = Parada.m; sourceTree = "<group>"; };
		2039296F1526134B00B791DF /* ParadaDataSource.h */ = {isa = PBXFileReference; fileEncoding = 4; lastKnownFileType = sourcecode.c.h; path = ParadaDataSource.h; sourceTree = "<group>"; };
		203929701526134B00B791DF /* ParadaDataSource.m */ = {isa = PBXFileReference; fileEncoding = 4; lastKnownFileType = sourcecode.c.objc; path = ParadaDataSource.m; sourceTree = "<group>"; };
		20392972152651E100B791DF /* DataSource.h */ = {isa = PBXFileReference; fileEncoding = 4; lastKnownFileType = sourcecode.c.h; path = DataSource.h; sourceTree = "<group>"; };
		20392973152651E100B791DF /* DataSource.m */ = {isa = PBXFileReference; fileEncoding = 4; lastKnownFileType = sourcecode.c.objc; path = DataSource.m; sourceTree = "<group>"; };
		2039297515265F6300B791DF /* ParadasViewController.h */ = {isa = PBXFileReference; fileEncoding = 4; lastKnownFileType = sourcecode.c.h; path = ParadasViewController.h; sourceTree = "<group>"; };
		2039297615265F6300B791DF /* ParadasViewController.m */ = {isa = PBXFileReference; fileEncoding = 4; lastKnownFileType = sourcecode.c.objc; path = ParadasViewController.m; sourceTree = "<group>"; };
		2039297A15265F8200B791DF /* MapKit.framework */ = {isa = PBXFileReference; includeInIndex = 1; lastKnownFileType = wrapper.framework; name = MapKit.framework; path = System/Library/Frameworks/MapKit.framework; sourceTree = SDKROOT; };
		2053E9851549FE1900B9F3FD /* Appirater.h */ = {isa = PBXFileReference; fileEncoding = 4; lastKnownFileType = sourcecode.c.h; path = Appirater.h; sourceTree = "<group>"; };
		2053E9861549FE1900B9F3FD /* Appirater.m */ = {isa = PBXFileReference; fileEncoding = 4; lastKnownFileType = sourcecode.c.objc; path = Appirater.m; sourceTree = "<group>"; };
		2053E9881549FF2900B9F3FD /* SystemConfiguration.framework */ = {isa = PBXFileReference; includeInIndex = 1; lastKnownFileType = wrapper.framework; name = SystemConfiguration.framework; path = System/Library/Frameworks/SystemConfiguration.framework; sourceTree = SDKROOT; };
		2053E98A1549FF2E00B9F3FD /* CFNetwork.framework */ = {isa = PBXFileReference; includeInIndex = 1; lastKnownFileType = wrapper.framework; name = CFNetwork.framework; path = System/Library/Frameworks/CFNetwork.framework; sourceTree = SDKROOT; };
		2053E98C1549FF6700B9F3FD /* Vila Mariana.gpx */ = {isa = PBXFileReference; lastKnownFileType = text.xml; path = "Vila Mariana.gpx"; sourceTree = "<group>"; };
		20569852152E404900F030BA /* Default@2x.png */ = {isa = PBXFileReference; lastKnownFileType = image.png; name = "Default@2x.png"; path = "../Default@2x.png"; sourceTree = "<group>"; };
		20569855152E406E00F030BA /* Default.png */ = {isa = PBXFileReference; lastKnownFileType = image.png; name = Default.png; path = ../Default.png; sourceTree = "<group>"; };
		2056985B152E516200F030BA /* Icon.png */ = {isa = PBXFileReference; lastKnownFileType = image.png; name = Icon.png; path = ../Icon.png; sourceTree = "<group>"; };
		2056985D152E516A00F030BA /* Icon@2x.png */ = {isa = PBXFileReference; lastKnownFileType = image.png; name = "Icon@2x.png"; path = "../Icon@2x.png"; sourceTree = "<group>"; };
		20708698152CA3ED00EADA0F /* PontoDeOnibusController.h */ = {isa = PBXFileReference; fileEncoding = 4; lastKnownFileType = sourcecode.c.h; path = PontoDeOnibusController.h; sourceTree = "<group>"; };
		20708699152CA3ED00EADA0F /* PontoDeOnibusController.m */ = {isa = PBXFileReference; fileEncoding = 4; lastKnownFileType = sourcecode.c.objc; path = PontoDeOnibusController.m; sourceTree = "<group>"; };
		207086A1152CA88500EADA0F /* 242-Aim.png */ = {isa = PBXFileReference; lastKnownFileType = image.png; path = "242-Aim.png"; sourceTree = "<group>"; };
		207086A3152CA8B000EADA0F /* 242-Aim@2x.png */ = {isa = PBXFileReference; lastKnownFileType = image.png; path = "242-Aim@2x.png"; sourceTree = "<group>"; };
		208A1C181524F7FE00335F87 /* BusaoSP.app */ = {isa = PBXFileReference; explicitFileType = wrapper.application; includeInIndex = 0; path = BusaoSP.app; sourceTree = BUILT_PRODUCTS_DIR; };
		208A1C1C1524F7FE00335F87 /* UIKit.framework */ = {isa = PBXFileReference; includeInIndex = 1; lastKnownFileType = wrapper.framework; name = UIKit.framework; path = System/Library/Frameworks/UIKit.framework; sourceTree = SDKROOT; };
		208A1C1E1524F7FE00335F87 /* Foundation.framework */ = {isa = PBXFileReference; includeInIndex = 1; lastKnownFileType = wrapper.framework; name = Foundation.framework; path = System/Library/Frameworks/Foundation.framework; sourceTree = SDKROOT; };
		208A1C201524F7FE00335F87 /* CoreGraphics.framework */ = {isa = PBXFileReference; includeInIndex = 1; lastKnownFileType = wrapper.framework; name = CoreGraphics.framework; path = System/Library/Frameworks/CoreGraphics.framework; sourceTree = SDKROOT; };
		208A1C241524F7FE00335F87 /* BusaoSP-Info.plist */ = {isa = PBXFileReference; lastKnownFileType = text.plist.xml; path = "BusaoSP-Info.plist"; sourceTree = "<group>"; };
		208A1C281524F7FE00335F87 /* main.m */ = {isa = PBXFileReference; lastKnownFileType = sourcecode.c.objc; path = main.m; sourceTree = "<group>"; };
		208A1C2A1524F7FE00335F87 /* BusaoSP-Prefix.pch */ = {isa = PBXFileReference; lastKnownFileType = sourcecode.c.h; path = "BusaoSP-Prefix.pch"; sourceTree = "<group>"; };
		208A1C2B1524F7FE00335F87 /* AppDelegate.h */ = {isa = PBXFileReference; lastKnownFileType = sourcecode.c.h; path = AppDelegate.h; sourceTree = "<group>"; };
		208A1C2C1524F7FE00335F87 /* AppDelegate.m */ = {isa = PBXFileReference; lastKnownFileType = sourcecode.c.objc; path = AppDelegate.m; sourceTree = "<group>"; };
		208A1C331524FB1700335F87 /* Ponto.h */ = {isa = PBXFileReference; fileEncoding = 4; lastKnownFileType = sourcecode.c.h; path = Ponto.h; sourceTree = "<group>"; };
		208A1C341524FB1700335F87 /* Ponto.m */ = {isa = PBXFileReference; fileEncoding = 4; lastKnownFileType = sourcecode.c.objc; path = Ponto.m; sourceTree = "<group>"; };
		208A1C371524FB7100335F87 /* Onibus.h */ = {isa = PBXFileReference; fileEncoding = 4; lastKnownFileType = sourcecode.c.h; path = Onibus.h; sourceTree = "<group>"; };
		208A1C381524FB7100335F87 /* Onibus.m */ = {isa = PBXFileReference; fileEncoding = 4; lastKnownFileType = sourcecode.c.objc; path = Onibus.m; sourceTree = "<group>"; };
		208A1C401524FD6700335F87 /* OnibusDataSource.h */ = {isa = PBXFileReference; fileEncoding = 4; lastKnownFileType = sourcecode.c.h; path = OnibusDataSource.h; sourceTree = "<group>"; };
		208A1C411524FD6700335F87 /* OnibusDataSource.m */ = {isa = PBXFileReference; fileEncoding = 4; lastKnownFileType = sourcecode.c.objc; path = OnibusDataSource.m; sourceTree = "<group>"; };
		208A1C4F152508DB00335F87 /* CoreLocation.framework */ = {isa = PBXFileReference; includeInIndex = 1; lastKnownFileType = wrapper.framework; name = CoreLocation.framework; path = System/Library/Frameworks/CoreLocation.framework; sourceTree = SDKROOT; };
		208DD3D3152A2B1100D730F8 /* MKMapView+ZoomOut.h */ = {isa = PBXFileReference; fileEncoding = 4; lastKnownFileType = sourcecode.c.h; path = "MKMapView+ZoomOut.h"; sourceTree = "<group>"; };
		208DD3D4152A2B1100D730F8 /* MKMapView+ZoomOut.m */ = {isa = PBXFileReference; fileEncoding = 4; lastKnownFileType = sourcecode.c.objc; path = "MKMapView+ZoomOut.m"; sourceTree = "<group>"; };
		208DD3D8152A2BCD00D730F8 /* Localizacao.h */ = {isa = PBXFileReference; fileEncoding = 4; lastKnownFileType = sourcecode.c.h; path = Localizacao.h; sourceTree = "<group>"; };
		208DD3D9152A2BCD00D730F8 /* Localizacao.m */ = {isa = PBXFileReference; fileEncoding = 4; lastKnownFileType = sourcecode.c.objc; path = Localizacao.m; sourceTree = "<group>"; };
		208DD3FA152A3BD100D730F8 /* SenTestingKit.framework */ = {isa = PBXFileReference; lastKnownFileType = wrapper.framework; name = SenTestingKit.framework; path = Library/Frameworks/SenTestingKit.framework; sourceTree = DEVELOPER_DIR; };
		20B974FB15360CA2008DAD44 /* en */ = {isa = PBXFileReference; lastKnownFileType = file.xib; name = en; path = en.lproj/SemGps.xib; sourceTree = "<group>"; };
		20B974FD15360CAF008DAD44 /* pt */ = {isa = PBXFileReference; lastKnownFileType = file.xib; name = pt; path = pt.lproj/SemGps.xib; sourceTree = "<group>"; };
		20D8E3C3152B6241006C7328 /* 088-Map.png */ = {isa = PBXFileReference; lastKnownFileType = image.png; path = "088-Map.png"; sourceTree = "<group>"; };
		20D8E3C5152B6250006C7328 /* 088-Map@2x.png */ = {isa = PBXFileReference; lastKnownFileType = image.png; path = "088-Map@2x.png"; sourceTree = "<group>"; };
		20D8E3C7152B63CA006C7328 /* UIViewController+NavigationController.h */ = {isa = PBXFileReference; fileEncoding = 4; lastKnownFileType = sourcecode.c.h; path = "UIViewController+NavigationController.h"; sourceTree = "<group>"; };
		20D8E3C8152B63CA006C7328 /* UIViewController+NavigationController.m */ = {isa = PBXFileReference; fileEncoding = 4; lastKnownFileType = sourcecode.c.objc; path = "UIViewController+NavigationController.m"; sourceTree = "<group>"; };
		20D8E3CA152B66A2006C7328 /* 082-Location@2x.png */ = {isa = PBXFileReference; lastKnownFileType = image.png; path = "082-Location@2x.png"; sourceTree = "<group>"; };
		20D8E3CC152B66B0006C7328 /* 082-Location.png */ = {isa = PBXFileReference; lastKnownFileType = image.png; path = "082-Location.png"; sourceTree = "<group>"; };
		20D8E407152B7174006C7328 /* en */ = {isa = PBXFileReference; lastKnownFileType = text.plist.strings; name = en; path = en.lproj/Localizable.strings; sourceTree = "<group>"; };
		20D8E409152B717C006C7328 /* pt */ = {isa = PBXFileReference; lastKnownFileType = text.plist.strings; name = pt; path = pt.lproj/Localizable.strings; sourceTree = "<group>"; };
		20D8E40A152B7634006C7328 /* ListaPontoDeOnibusController.h */ = {isa = PBXFileReference; fileEncoding = 4; lastKnownFileType = sourcecode.c.h; path = ListaPontoDeOnibusController.h; sourceTree = "<group>"; };
		20D8E40B152B7634006C7328 /* ListaPontoDeOnibusController.m */ = {isa = PBXFileReference; fileEncoding = 4; lastKnownFileType = sourcecode.c.objc; path = ListaPontoDeOnibusController.m; sourceTree = "<group>"; };
		20D8E413152B77DC006C7328 /* PontosPorProximidadeController.h */ = {isa = PBXFileReference; fileEncoding = 4; lastKnownFileType = sourcecode.c.h; path = PontosPorProximidadeController.h; sourceTree = "<group>"; };
		20D8E414152B77DC006C7328 /* PontosPorProximidadeController.m */ = {isa = PBXFileReference; fileEncoding = 4; lastKnownFileType = sourcecode.c.objc; path = PontosPorProximidadeController.m; sourceTree = "<group>"; };
		20DFB29F15250C2900A5680D /* Twitter.framework */ = {isa = PBXFileReference; lastKnownFileType = wrapper.framework; name = Twitter.framework; path = System/Library/Frameworks/Twitter.framework; sourceTree = SDKROOT; };
		20E3BD7A152DE888002CE5E6 /* UILabel+DetailLabel.h */ = {isa = PBXFileReference; fileEncoding = 4; lastKnownFileType = sourcecode.c.h; path = "UILabel+DetailLabel.h"; sourceTree = "<group>"; };
		20E3BD7B152DE888002CE5E6 /* UILabel+DetailLabel.m */ = {isa = PBXFileReference; fileEncoding = 4; lastKnownFileType = sourcecode.c.objc; path = "UILabel+DetailLabel.m"; sourceTree = "<group>"; };
		20EB2192152CBB5E0009BC49 /* AnnotationViewFactory.h */ = {isa = PBXFileReference; fileEncoding = 4; lastKnownFileType = sourcecode.c.h; path = AnnotationViewFactory.h; sourceTree = "<group>"; };
		20EB2193152CBB5E0009BC49 /* AnnotationViewFactory.m */ = {isa = PBXFileReference; fileEncoding = 4; lastKnownFileType = sourcecode.c.objc; path = AnnotationViewFactory.m; sourceTree = "<group>"; };
		20EB2195152CC0FB0009BC49 /* 081-GPS@2x.png */ = {isa = PBXFileReference; lastKnownFileType = image.png; path = "081-GPS@2x.png"; sourceTree = "<group>"; };
		20EB2197152CC1080009BC49 /* 081-GPS.png */ = {isa = PBXFileReference; lastKnownFileType = image.png; path = "081-GPS.png"; sourceTree = "<group>"; };
		20EB2199152CC9010009BC49 /* 002-HomeAlt@2x.png */ = {isa = PBXFileReference; lastKnownFileType = image.png; path = "002-HomeAlt@2x.png"; sourceTree = "<group>"; };
		20EB219B152CC9120009BC49 /* 002-HomeAlt.png */ = {isa = PBXFileReference; lastKnownFileType = image.png; path = "002-HomeAlt.png"; sourceTree = "<group>"; };
		20EB21A7152CFB880009BC49 /* EGORefreshTableHeaderView.h */ = {isa = PBXFileReference; fileEncoding = 4; lastKnownFileType = sourcecode.c.h; path = EGORefreshTableHeaderView.h; sourceTree = "<group>"; };
		20EB21A8152CFB880009BC49 /* EGORefreshTableHeaderView.m */ = {isa = PBXFileReference; fileEncoding = 4; lastKnownFileType = sourcecode.c.objc; path = EGORefreshTableHeaderView.m; sourceTree = "<group>"; };
		20EB21AB152CFBFB0009BC49 /* QuartzCore.framework */ = {isa = PBXFileReference; includeInIndex = 1; lastKnownFileType = wrapper.framework; name = QuartzCore.framework; path = System/Library/Frameworks/QuartzCore.framework; sourceTree = SDKROOT; };
		20EB21B2152D04270009BC49 /* blackArrow.png */ = {isa = PBXFileReference; lastKnownFileType = image.png; path = blackArrow.png; sourceTree = "<group>"; };
		20EB21B3152D04270009BC49 /* blackArrow@2x.png */ = {isa = PBXFileReference; lastKnownFileType = image.png; path = "blackArrow@2x.png"; sourceTree = "<group>"; };
		20EB21B4152D04270009BC49 /* blueArrow.png */ = {isa = PBXFileReference; lastKnownFileType = image.png; path = blueArrow.png; sourceTree = "<group>"; };
		20EB21B5152D04270009BC49 /* blueArrow@2x.png */ = {isa = PBXFileReference; lastKnownFileType = image.png; path = "blueArrow@2x.png"; sourceTree = "<group>"; };
		20EB21B6152D04270009BC49 /* grayArrow.png */ = {isa = PBXFileReference; lastKnownFileType = image.png; path = grayArrow.png; sourceTree = "<group>"; };
		20EB21B7152D04270009BC49 /* grayArrow@2x.png */ = {isa = PBXFileReference; lastKnownFileType = image.png; path = "grayArrow@2x.png"; sourceTree = "<group>"; };
		20EB21B8152D04270009BC49 /* whiteArrow.png */ = {isa = PBXFileReference; lastKnownFileType = image.png; path = whiteArrow.png; sourceTree = "<group>"; };
		20EB21B9152D04270009BC49 /* whiteArrow@2x.png */ = {isa = PBXFileReference; lastKnownFileType = image.png; path = "whiteArrow@2x.png"; sourceTree = "<group>"; };
		20EB21CD152D20530009BC49 /* bus.png */ = {isa = PBXFileReference; lastKnownFileType = image.png; path = bus.png; sourceTree = "<group>"; };
		20EB21CE152D20530009BC49 /* bus@2x.png */ = {isa = PBXFileReference; lastKnownFileType = image.png; path = "bus@2x.png"; sourceTree = "<group>"; };
		20EB21D6152D24250009BC49 /* pin-bus.png */ = {isa = PBXFileReference; lastKnownFileType = image.png; path = "pin-bus.png"; sourceTree = "<group>"; };
		20EB21D8152D25AB0009BC49 /* pin-busstop.png */ = {isa = PBXFileReference; lastKnownFileType = image.png; path = "pin-busstop.png"; sourceTree = "<group>"; };
		20EB21DC152D26660009BC49 /* pin-bus-selected.png */ = {isa = PBXFileReference; lastKnownFileType = image.png; path = "pin-bus-selected.png"; sourceTree = "<group>"; };
		20EB21DE152D283E0009BC49 /* pin-current.png */ = {isa = PBXFileReference; lastKnownFileType = image.png; path = "pin-current.png"; sourceTree = "<group>"; };
		20F5804A1535267500F1CAAB /* compass.png */ = {isa = PBXFileReference; lastKnownFileType = image.png; path = compass.png; sourceTree = "<group>"; };
		20F5804B1535267500F1CAAB /* compass@2x.png */ = {isa = PBXFileReference; lastKnownFileType = image.png; path = "compass@2x.png"; sourceTree = "<group>"; };
		20F5805A1535F76700F1CAAB /* GPSManager.h */ = {isa = PBXFileReference; fileEncoding = 4; lastKnownFileType = sourcecode.c.h; path = GPSManager.h; sourceTree = "<group>"; };
		20F5805B1535F76700F1CAAB /* GPSManager.m */ = {isa = PBXFileReference; fileEncoding = 4; lastKnownFileType = sourcecode.c.objc; path = GPSManager.m; sourceTree = "<group>"; };
		772FAEDC162F903F000DAC1F /* Sentido.h */ = {isa = PBXFileReference; fileEncoding = 4; lastKnownFileType = sourcecode.c.h; path = Sentido.h; sourceTree = "<group>"; };
		772FAEDD162F903F000DAC1F /* Sentido.m */ = {isa = PBXFileReference; fileEncoding = 4; lastKnownFileType = sourcecode.c.objc; path = Sentido.m; sourceTree = "<group>"; };
		772FAEE0162F9288000DAC1F /* Operacao.h */ = {isa = PBXFileReference; fileEncoding = 4; lastKnownFileType = sourcecode.c.h; path = Operacao.h; sourceTree = "<group>"; };
		772FAEE1162F9288000DAC1F /* Operacao.m */ = {isa = PBXFileReference; fileEncoding = 4; lastKnownFileType = sourcecode.c.objc; path = Operacao.m; sourceTree = "<group>"; };
		77307D82175E996400B7B1E8 /* LegendaOnibus.h */ = {isa = PBXFileReference; fileEncoding = 4; lastKnownFileType = sourcecode.c.h; path = LegendaOnibus.h; sourceTree = "<group>"; };
		77307D83175E996400B7B1E8 /* LegendaOnibus.m */ = {isa = PBXFileReference; fileEncoding = 4; lastKnownFileType = sourcecode.c.objc; path = LegendaOnibus.m; sourceTree = "<group>"; };
		77307D85175E9C0C00B7B1E8 /* list.png */ = {isa = PBXFileReference; lastKnownFileType = image.png; path = list.png; sourceTree = "<group>"; };
		77307D86175E9C0C00B7B1E8 /* list@2x.png */ = {isa = PBXFileReference; lastKnownFileType = image.png; path = "list@2x.png"; sourceTree = "<group>"; };
		77307D8D175F7ED300B7B1E8 /* PontoUITableSection.h */ = {isa = PBXFileReference; fileEncoding = 4; lastKnownFileType = sourcecode.c.h; path = PontoUITableSection.h; sourceTree = "<group>"; };
		77307D8E175F7ED300B7B1E8 /* PontoUITableSection.m */ = {isa = PBXFileReference; fileEncoding = 4; lastKnownFileType = sourcecode.c.objc; path = PontoUITableSection.m; sourceTree = "<group>"; };
		77307D90175FDB5900B7B1E8 /* CoreData.framework */ = {isa = PBXFileReference; lastKnownFileType = wrapper.framework; name = CoreData.framework; path = System/Library/Frameworks/CoreData.framework; sourceTree = SDKROOT; };
		77307D94175FDD3000B7B1E8 /* BusaoSP.xcdatamodel */ = {isa = PBXFileReference; lastKnownFileType = wrapper.xcdatamodel; path = BusaoSP.xcdatamodel; sourceTree = "<group>"; };
		77307D99175FE0E200B7B1E8 /* LinhaDeOnibus.h */ = {isa = PBXFileReference; fileEncoding = 4; lastKnownFileType = sourcecode.c.h; path = LinhaDeOnibus.h; sourceTree = "<group>"; };
		77307D9A175FE0E200B7B1E8 /* LinhaDeOnibus.m */ = {isa = PBXFileReference; fileEncoding = 4; lastKnownFileType = sourcecode.c.objc; path = LinhaDeOnibus.m; sourceTree = "<group>"; };
		77307D9C175FE1EC00B7B1E8 /* NSManagedObject+ComFacilitadores.m */ = {isa = PBXFileReference; fileEncoding = 4; lastKnownFileType = sourcecode.c.objc; path = "NSManagedObject+ComFacilitadores.m"; sourceTree = "<group>"; };
		77307D9D175FE1EC00B7B1E8 /* NSManagedObject+ComFacilitadores.h */ = {isa = PBXFileReference; fileEncoding = 4; lastKnownFileType = sourcecode.c.h; path = "NSManagedObject+ComFacilitadores.h"; sourceTree = "<group>"; };
		77307DA3175FFEF600B7B1E8 /* favorite-star-gray.png */ = {isa = PBXFileReference; lastKnownFileType = image.png; path = "favorite-star-gray.png"; sourceTree = "<group>"; };
		77307DA4175FFEF600B7B1E8 /* favorite-star.png */ = {isa = PBXFileReference; lastKnownFileType = image.png; path = "favorite-star.png"; sourceTree = "<group>"; };
		7742E5FD17628F5700157A84 /* FavoritosController.h */ = {isa = PBXFileReference; fileEncoding = 4; lastKnownFileType = sourcecode.c.h; path = FavoritosController.h; sourceTree = "<group>"; };
		7742E5FE17628F5700157A84 /* FavoritosController.m */ = {isa = PBXFileReference; fileEncoding = 4; lastKnownFileType = sourcecode.c.objc; path = FavoritosController.m; sourceTree = "<group>"; };
		774C579416373A9400AAAF2A /* TempoRealDataSource.h */ = {isa = PBXFileReference; fileEncoding = 4; lastKnownFileType = sourcecode.c.h; path = TempoRealDataSource.h; sourceTree = "<group>"; };
		774C579516373A9500AAAF2A /* TempoRealDataSource.m */ = {isa = PBXFileReference; fileEncoding = 4; lastKnownFileType = sourcecode.c.objc; path = TempoRealDataSource.m; sourceTree = "<group>"; };
		774C57981637438F00AAAF2A /* Veiculo.h */ = {isa = PBXFileReference; fileEncoding = 4; lastKnownFileType = sourcecode.c.h; path = Veiculo.h; sourceTree = "<group>"; };
		774C57991637438F00AAAF2A /* Veiculo.m */ = {isa = PBXFileReference; fileEncoding = 4; lastKnownFileType = sourcecode.c.objc; path = Veiculo.m; sourceTree = "<group>"; };
		77C0A5B017501B6D005D4823 /* DetalhesDoOnibusController.h */ = {isa = PBXFileReference; fileEncoding = 4; lastKnownFileType = sourcecode.c.h; path = DetalhesDoOnibusController.h; sourceTree = "<group>"; };
		77C0A5B117501B6D005D4823 /* DetalhesDoOnibusController.m */ = {isa = PBXFileReference; fileEncoding = 4; lastKnownFileType = sourcecode.c.objc; path = DetalhesDoOnibusController.m; sourceTree = "<group>"; };
		77C0A5B217501B6D005D4823 /* DetalhesDoOnibusController.xib */ = {isa = PBXFileReference; fileEncoding = 4; lastKnownFileType = file.xib; path = DetalhesDoOnibusController.xib; sourceTree = "<group>"; };
		77C0A5B717514733005D4823 /* pin-busstop-transp.png */ = {isa = PBXFileReference; lastKnownFileType = image.png; path = "pin-busstop-transp.png"; sourceTree = "<group>"; };
		77C0A5BA1751B0A9005D4823 /* pin-bus-orange.png */ = {isa = PBXFileReference; lastKnownFileType = image.png; path = "pin-bus-orange.png"; sourceTree = "<group>"; };
		77C0A5BB1751B0A9005D4823 /* pin-bus-red.png */ = {isa = PBXFileReference; lastKnownFileType = image.png; path = "pin-bus-red.png"; sourceTree = "<group>"; };
		77C0A5BC1751B0A9005D4823 /* pin-bus-yellow.png */ = {isa = PBXFileReference; lastKnownFileType = image.png; path = "pin-bus-yellow.png"; sourceTree = "<group>"; };
		77C0A5C11751B0C9005D4823 /* pin-bus-green.png */ = {isa = PBXFileReference; lastKnownFileType = image.png; path = "pin-bus-green.png"; sourceTree = "<group>"; };
		77C3081A176DF3FD009CCA8A /* OnibusTableCell.h */ = {isa = PBXFileReference; fileEncoding = 4; lastKnownFileType = sourcecode.c.h; path = OnibusTableCell.h; sourceTree = "<group>"; };
		77C3081B176DF3FD009CCA8A /* OnibusTableCell.m */ = {isa = PBXFileReference; fileEncoding = 4; lastKnownFileType = sourcecode.c.objc; path = OnibusTableCell.m; sourceTree = "<group>"; };
		946F015939FB4246B6A1EA08 /* Pods.xcconfig */ = {isa = PBXFileReference; includeInIndex = 1; lastKnownFileType = text.xcconfig; name = Pods.xcconfig; path = Pods/Pods.xcconfig; sourceTree = SOURCE_ROOT; };
		BDDFF3F780CE4FAEBF6C9AE7 /* libPods.a */ = {isa = PBXFileReference; explicitFileType = archive.ar; includeInIndex = 0; path = libPods.a; sourceTree = BUILT_PRODUCTS_DIR; };
/* End PBXFileReference section */

/* Begin PBXFrameworksBuildPhase section */
		208A1C151524F7FE00335F87 /* Frameworks */ = {
			isa = PBXFrameworksBuildPhase;
			buildActionMask = 2147483647;
			files = (
				77307D91175FDB5900B7B1E8 /* CoreData.framework in Frameworks */,
				2053E98B1549FF2E00B9F3FD /* CFNetwork.framework in Frameworks */,
				2053E9891549FF2900B9F3FD /* SystemConfiguration.framework in Frameworks */,
				20EB21AC152CFBFB0009BC49 /* QuartzCore.framework in Frameworks */,
				208A1C211524F7FE00335F87 /* CoreGraphics.framework in Frameworks */,
				2039297B15265F8200B791DF /* MapKit.framework in Frameworks */,
				208A1C50152508DB00335F87 /* CoreLocation.framework in Frameworks */,
				208A1C1D1524F7FE00335F87 /* UIKit.framework in Frameworks */,
				208A1C1F1524F7FE00335F87 /* Foundation.framework in Frameworks */,
				240DB81C15EC4E38B5D24AAB /* libPods.a in Frameworks */,
			);
			runOnlyForDeploymentPostprocessing = 0;
		};
/* End PBXFrameworksBuildPhase section */

/* Begin PBXGroup section */
		202B23641533653100619462 /* Utilities */ = {
			isa = PBXGroup;
			children = (
				202B23651533654900619462 /* NSStringWithMaxSize.h */,
				202B23661533654900619462 /* NSStringWithMaxSize.m */,
				20F5805A1535F76700F1CAAB /* GPSManager.h */,
				20F5805B1535F76700F1CAAB /* GPSManager.m */,
			);
			name = Utilities;
			sourceTree = "<group>";
		};
		202C109115260C9A00090766 /* Controllers */ = {
			isa = PBXGroup;
			children = (
				208A1C401524FD6700335F87 /* OnibusDataSource.h */,
				208A1C411524FD6700335F87 /* OnibusDataSource.m */,
				2039296F1526134B00B791DF /* ParadaDataSource.h */,
				203929701526134B00B791DF /* ParadaDataSource.m */,
				20392972152651E100B791DF /* DataSource.h */,
				20392973152651E100B791DF /* DataSource.m */,
				774C579416373A9400AAAF2A /* TempoRealDataSource.h */,
				774C579516373A9500AAAF2A /* TempoRealDataSource.m */,
			);
			name = Controllers;
			sourceTree = "<group>";
		};
		2039298015266BF300B791DF /* Dependencies */ = {
			isa = PBXGroup;
			children = (
				2053E9831549FE0A00B9F3FD /* AppRater */,
				20EB21A5152CFB790009BC49 /* EGORefreshTable */,
			);
			name = Dependencies;
			sourceTree = "<group>";
		};
		2053E9831549FE0A00B9F3FD /* AppRater */ = {
			isa = PBXGroup;
			children = (
				2053E9851549FE1900B9F3FD /* Appirater.h */,
				2053E9861549FE1900B9F3FD /* Appirater.m */,
			);
			name = AppRater;
			sourceTree = "<group>";
		};
		208A1C0D1524F7FE00335F87 = {
			isa = PBXGroup;
			children = (
				208A1C221524F7FE00335F87 /* Busao */,
				208A1C1B1524F7FE00335F87 /* Frameworks */,
				208A1C191524F7FE00335F87 /* Products */,
				946F015939FB4246B6A1EA08 /* Pods.xcconfig */,
			);
			sourceTree = "<group>";
		};
		208A1C191524F7FE00335F87 /* Products */ = {
			isa = PBXGroup;
			children = (
				208A1C181524F7FE00335F87 /* BusaoSP.app */,
			);
			name = Products;
			sourceTree = "<group>";
		};
		208A1C1B1524F7FE00335F87 /* Frameworks */ = {
			isa = PBXGroup;
			children = (
				77307D90175FDB5900B7B1E8 /* CoreData.framework */,
				2053E98A1549FF2E00B9F3FD /* CFNetwork.framework */,
				2053E9881549FF2900B9F3FD /* SystemConfiguration.framework */,
				20EB21AB152CFBFB0009BC49 /* QuartzCore.framework */,
				208DD3FA152A3BD100D730F8 /* SenTestingKit.framework */,
				2039297A15265F8200B791DF /* MapKit.framework */,
				20DFB29F15250C2900A5680D /* Twitter.framework */,
				208A1C4F152508DB00335F87 /* CoreLocation.framework */,
				208A1C1C1524F7FE00335F87 /* UIKit.framework */,
				208A1C1E1524F7FE00335F87 /* Foundation.framework */,
				208A1C201524F7FE00335F87 /* CoreGraphics.framework */,
				BDDFF3F780CE4FAEBF6C9AE7 /* libPods.a */,
			);
			name = Frameworks;
			sourceTree = "<group>";
		};
		208A1C221524F7FE00335F87 /* Busao */ = {
			isa = PBXGroup;
			children = (
				77307D92175FDD1400B7B1E8 /* Persistence */,
				77307D81175E994C00B7B1E8 /* Widget */,
				202B23641533653100619462 /* Utilities */,
				20EB2190152CBB370009BC49 /* Factories */,
				20EB21B1152D04190009BC49 /* Imagens */,
				2039298015266BF300B791DF /* Dependencies */,
				208DD3D7152A2B1400D730F8 /* Categories */,
				202C109115260C9A00090766 /* Controllers */,
				208A1C361524FB1B00335F87 /* Model */,
				208A1C3F1524FD3E00335F87 /* Telas */,
				208A1C2B1524F7FE00335F87 /* AppDelegate.h */,
				208A1C2C1524F7FE00335F87 /* AppDelegate.m */,
				208A1C231524F7FE00335F87 /* Supporting Files */,
			);
			path = Busao;
			sourceTree = "<group>";
		};
		208A1C231524F7FE00335F87 /* Supporting Files */ = {
			isa = PBXGroup;
			children = (
				2053E98C1549FF6700B9F3FD /* Vila Mariana.gpx */,
				20569855152E406E00F030BA /* Default.png */,
				20569852152E404900F030BA /* Default@2x.png */,
				2056985D152E516A00F030BA /* Icon@2x.png */,
				2056985B152E516200F030BA /* Icon.png */,
				208A1C241524F7FE00335F87 /* BusaoSP-Info.plist */,
				208A1C281524F7FE00335F87 /* main.m */,
				208A1C2A1524F7FE00335F87 /* BusaoSP-Prefix.pch */,
				20D8E408152B7174006C7328 /* Localizable.strings */,
			);
			name = "Supporting Files";
			sourceTree = "<group>";
		};
		208A1C361524FB1B00335F87 /* Model */ = {
			isa = PBXGroup;
			children = (
				208A1C331524FB1700335F87 /* Ponto.h */,
				208A1C341524FB1700335F87 /* Ponto.m */,
				208A1C371524FB7100335F87 /* Onibus.h */,
				208A1C381524FB7100335F87 /* Onibus.m */,
				2039296B152612D600B791DF /* Parada.h */,
				2039296C152612D600B791DF /* Parada.m */,
				208DD3D8152A2BCD00D730F8 /* Localizacao.h */,
				208DD3D9152A2BCD00D730F8 /* Localizacao.m */,
				772FAEDC162F903F000DAC1F /* Sentido.h */,
				772FAEDD162F903F000DAC1F /* Sentido.m */,
				772FAEE0162F9288000DAC1F /* Operacao.h */,
				772FAEE1162F9288000DAC1F /* Operacao.m */,
				774C57981637438F00AAAF2A /* Veiculo.h */,
				774C57991637438F00AAAF2A /* Veiculo.m */,
			);
			name = Model;
			sourceTree = "<group>";
		};
		208A1C3F1524FD3E00335F87 /* Telas */ = {
			isa = PBXGroup;
			children = (
				20708698152CA3ED00EADA0F /* PontoDeOnibusController.h */,
				20708699152CA3ED00EADA0F /* PontoDeOnibusController.m */,
				20D8E40A152B7634006C7328 /* ListaPontoDeOnibusController.h */,
				20D8E40B152B7634006C7328 /* ListaPontoDeOnibusController.m */,
				2039297515265F6300B791DF /* ParadasViewController.h */,
				2039297615265F6300B791DF /* ParadasViewController.m */,
				20D8E413152B77DC006C7328 /* PontosPorProximidadeController.h */,
				20D8E414152B77DC006C7328 /* PontosPorProximidadeController.m */,
				20B974FC15360CA2008DAD44 /* SemGps.xib */,
				77C0A5B017501B6D005D4823 /* DetalhesDoOnibusController.h */,
				77C0A5B117501B6D005D4823 /* DetalhesDoOnibusController.m */,
				77C0A5B217501B6D005D4823 /* DetalhesDoOnibusController.xib */,
				7742E5FD17628F5700157A84 /* FavoritosController.h */,
				7742E5FE17628F5700157A84 /* FavoritosController.m */,
			);
			name = Telas;
			sourceTree = "<group>";
		};
		208DD3D7152A2B1400D730F8 /* Categories */ = {
			isa = PBXGroup;
			children = (
				77307D9C175FE1EC00B7B1E8 /* NSManagedObject+ComFacilitadores.m */,
				77307D9D175FE1EC00B7B1E8 /* NSManagedObject+ComFacilitadores.h */,
				201A05AE1651563200CCC3B5 /* UIViewController+AutoOrientation.h */,
				201A05AF1651563200CCC3B5 /* UIViewController+AutoOrientation.m */,
				208DD3D3152A2B1100D730F8 /* MKMapView+ZoomOut.h */,
				208DD3D4152A2B1100D730F8 /* MKMapView+ZoomOut.m */,
				20D8E3C7152B63CA006C7328 /* UIViewController+NavigationController.h */,
				20D8E3C8152B63CA006C7328 /* UIViewController+NavigationController.m */,
				20E3BD7A152DE888002CE5E6 /* UILabel+DetailLabel.h */,
				20E3BD7B152DE888002CE5E6 /* UILabel+DetailLabel.m */,
				201A05F216516C8500CCC3B5 /* UIDevice+iPhone.h */,
				201A05F316516C8500CCC3B5 /* UIDevice+iPhone.m */,
			);
			name = Categories;
			sourceTree = "<group>";
		};
		20D8E3C1152B6236006C7328 /* Icones */ = {
			isa = PBXGroup;
			children = (
				77307DA3175FFEF600B7B1E8 /* favorite-star-gray.png */,
				77307DA4175FFEF600B7B1E8 /* favorite-star.png */,
				77307D85175E9C0C00B7B1E8 /* list.png */,
				77307D86175E9C0C00B7B1E8 /* list@2x.png */,
				77C0A5C11751B0C9005D4823 /* pin-bus-green.png */,
				77C0A5BA1751B0A9005D4823 /* pin-bus-orange.png */,
				77C0A5BB1751B0A9005D4823 /* pin-bus-red.png */,
				77C0A5BC1751B0A9005D4823 /* pin-bus-yellow.png */,
				77C0A5B717514733005D4823 /* pin-busstop-transp.png */,
				20EB21DE152D283E0009BC49 /* pin-current.png */,
				20EB21DC152D26660009BC49 /* pin-bus-selected.png */,
				20EB21D6152D24250009BC49 /* pin-bus.png */,
				20EB21D8152D25AB0009BC49 /* pin-busstop.png */,
				20EB21CD152D20530009BC49 /* bus.png */,
				20EB21CE152D20530009BC49 /* bus@2x.png */,
				20EB2197152CC1080009BC49 /* 081-GPS.png */,
				20EB2195152CC0FB0009BC49 /* 081-GPS@2x.png */,
				20D8E3CC152B66B0006C7328 /* 082-Location.png */,
				20D8E3CA152B66A2006C7328 /* 082-Location@2x.png */,
				20EB219B152CC9120009BC49 /* 002-HomeAlt.png */,
				20EB2199152CC9010009BC49 /* 002-HomeAlt@2x.png */,
				20D8E3C3152B6241006C7328 /* 088-Map.png */,
				20D8E3C5152B6250006C7328 /* 088-Map@2x.png */,
				207086A1152CA88500EADA0F /* 242-Aim.png */,
				207086A3152CA8B000EADA0F /* 242-Aim@2x.png */,
			);
			name = Icones;
			sourceTree = "<group>";
		};
		20EB2190152CBB370009BC49 /* Factories */ = {
			isa = PBXGroup;
			children = (
				20EB2192152CBB5E0009BC49 /* AnnotationViewFactory.h */,
				20EB2193152CBB5E0009BC49 /* AnnotationViewFactory.m */,
			);
			name = Factories;
			sourceTree = "<group>";
		};
		20EB21A5152CFB790009BC49 /* EGORefreshTable */ = {
			isa = PBXGroup;
			children = (
				20EB21A7152CFB880009BC49 /* EGORefreshTableHeaderView.h */,
				20EB21A8152CFB880009BC49 /* EGORefreshTableHeaderView.m */,
			);
			name = EGORefreshTable;
			sourceTree = "<group>";
		};
		20EB21B1152D04190009BC49 /* Imagens */ = {
			isa = PBXGroup;
			children = (
				20D8E3C1152B6236006C7328 /* Icones */,
				20EB21B2152D04270009BC49 /* blackArrow.png */,
				20EB21B3152D04270009BC49 /* blackArrow@2x.png */,
				20EB21B4152D04270009BC49 /* blueArrow.png */,
				20EB21B5152D04270009BC49 /* blueArrow@2x.png */,
				20EB21B6152D04270009BC49 /* grayArrow.png */,
				20EB21B7152D04270009BC49 /* grayArrow@2x.png */,
				20EB21B8152D04270009BC49 /* whiteArrow.png */,
				20EB21B9152D04270009BC49 /* whiteArrow@2x.png */,
				20F5804A1535267500F1CAAB /* compass.png */,
				20F5804B1535267500F1CAAB /* compass@2x.png */,
			);
			name = Imagens;
			sourceTree = "<group>";
		};
		77307D81175E994C00B7B1E8 /* Widget */ = {
			isa = PBXGroup;
			children = (
				77307D82175E996400B7B1E8 /* LegendaOnibus.h */,
				77307D83175E996400B7B1E8 /* LegendaOnibus.m */,
				77307D8D175F7ED300B7B1E8 /* PontoUITableSection.h */,
				77307D8E175F7ED300B7B1E8 /* PontoUITableSection.m */,
				77C3081A176DF3FD009CCA8A /* OnibusTableCell.h */,
				77C3081B176DF3FD009CCA8A /* OnibusTableCell.m */,
			);
			name = Widget;
			sourceTree = "<group>";
		};
		77307D92175FDD1400B7B1E8 /* Persistence */ = {
			isa = PBXGroup;
			children = (
				77307D99175FE0E200B7B1E8 /* LinhaDeOnibus.h */,
				77307D9A175FE0E200B7B1E8 /* LinhaDeOnibus.m */,
				77307D93175FDD3000B7B1E8 /* BusaoSP.xcdatamodeld */,
			);
			name = Persistence;
			sourceTree = "<group>";
		};
/* End PBXGroup section */

/* Begin PBXNativeTarget section */
		208A1C171524F7FE00335F87 /* BusaoSP */ = {
			isa = PBXNativeTarget;
			buildConfigurationList = 208A1C301524F7FE00335F87 /* Build configuration list for PBXNativeTarget "BusaoSP" */;
			buildPhases = (
				208A1C141524F7FE00335F87 /* Sources */,
				208A1C151524F7FE00335F87 /* Frameworks */,
				208A1C161524F7FE00335F87 /* Resources */,
				5977940113FF448E9841AADE /* Copy Pods Resources */,
			);
			buildRules = (
			);
			dependencies = (
			);
			name = BusaoSP;
			productName = Busao;
			productReference = 208A1C181524F7FE00335F87 /* BusaoSP.app */;
			productType = "com.apple.product-type.application";
		};
/* End PBXNativeTarget section */

/* Begin PBXProject section */
		208A1C0F1524F7FE00335F87 /* Project object */ = {
			isa = PBXProject;
			attributes = {
				LastUpgradeCheck = 0430;
				ORGANIZATIONNAME = None;
			};
			buildConfigurationList = 208A1C121524F7FE00335F87 /* Build configuration list for PBXProject "BusaoSP" */;
			compatibilityVersion = "Xcode 3.2";
			developmentRegion = English;
			hasScannedForEncodings = 0;
			knownRegions = (
				en,
				pt,
			);
			mainGroup = 208A1C0D1524F7FE00335F87;
			productRefGroup = 208A1C191524F7FE00335F87 /* Products */;
			projectDirPath = "";
			projectRoot = "";
			targets = (
				208A1C171524F7FE00335F87 /* BusaoSP */,
			);
		};
/* End PBXProject section */

/* Begin PBXResourcesBuildPhase section */
		208A1C161524F7FE00335F87 /* Resources */ = {
			isa = PBXResourcesBuildPhase;
			buildActionMask = 2147483647;
			files = (
				20D8E3C4152B6241006C7328 /* 088-Map.png in Resources */,
				20D8E3C6152B6250006C7328 /* 088-Map@2x.png in Resources */,
				20D8E3CB152B66A2006C7328 /* 082-Location@2x.png in Resources */,
				20D8E3CD152B66B0006C7328 /* 082-Location.png in Resources */,
				20D8E406152B7174006C7328 /* Localizable.strings in Resources */,
				207086A2152CA88500EADA0F /* 242-Aim.png in Resources */,
				207086A4152CA8B000EADA0F /* 242-Aim@2x.png in Resources */,
				20EB2196152CC0FB0009BC49 /* 081-GPS@2x.png in Resources */,
				20EB2198152CC1080009BC49 /* 081-GPS.png in Resources */,
				20EB219A152CC9010009BC49 /* 002-HomeAlt@2x.png in Resources */,
				20EB219C152CC9120009BC49 /* 002-HomeAlt.png in Resources */,
				20EB21BA152D04270009BC49 /* blackArrow.png in Resources */,
				20EB21BB152D04270009BC49 /* blackArrow@2x.png in Resources */,
				20EB21BC152D04270009BC49 /* blueArrow.png in Resources */,
				20EB21BD152D04270009BC49 /* blueArrow@2x.png in Resources */,
				20EB21BE152D04270009BC49 /* grayArrow.png in Resources */,
				20EB21BF152D04270009BC49 /* grayArrow@2x.png in Resources */,
				20EB21C0152D04270009BC49 /* whiteArrow.png in Resources */,
				20EB21C1152D04270009BC49 /* whiteArrow@2x.png in Resources */,
				20EB21CF152D20530009BC49 /* bus.png in Resources */,
				20EB21D0152D20530009BC49 /* bus@2x.png in Resources */,
				20EB21D7152D24250009BC49 /* pin-bus.png in Resources */,
				20EB21D9152D25AB0009BC49 /* pin-busstop.png in Resources */,
				20EB21DD152D26660009BC49 /* pin-bus-selected.png in Resources */,
				20EB21DF152D283E0009BC49 /* pin-current.png in Resources */,
				20569853152E404900F030BA /* Default@2x.png in Resources */,
				20569856152E406E00F030BA /* Default.png in Resources */,
				2056985C152E516200F030BA /* Icon.png in Resources */,
				2056985E152E516A00F030BA /* Icon@2x.png in Resources */,
				20F5804C1535267500F1CAAB /* compass.png in Resources */,
				20F5804D1535267500F1CAAB /* compass@2x.png in Resources */,
				20B974FA15360CA2008DAD44 /* SemGps.xib in Resources */,
				77C0A5B417501B6D005D4823 /* DetalhesDoOnibusController.xib in Resources */,
				77C0A5B817514733005D4823 /* pin-busstop-transp.png in Resources */,
				77C0A5BE1751B0A9005D4823 /* pin-bus-orange.png in Resources */,
				77C0A5BF1751B0A9005D4823 /* pin-bus-red.png in Resources */,
				77C0A5C01751B0A9005D4823 /* pin-bus-yellow.png in Resources */,
				77C0A5C21751B0C9005D4823 /* pin-bus-green.png in Resources */,
				77307D87175E9C0C00B7B1E8 /* list.png in Resources */,
				77307D88175E9C0C00B7B1E8 /* list@2x.png in Resources */,
				77307DA5175FFEF600B7B1E8 /* favorite-star-gray.png in Resources */,
				77307DA6175FFEF600B7B1E8 /* favorite-star.png in Resources */,
			);
			runOnlyForDeploymentPostprocessing = 0;
		};
/* End PBXResourcesBuildPhase section */

/* Begin PBXShellScriptBuildPhase section */
		5977940113FF448E9841AADE /* Copy Pods Resources */ = {
			isa = PBXShellScriptBuildPhase;
			buildActionMask = 2147483647;
			files = (
			);
			inputPaths = (
			);
			name = "Copy Pods Resources";
			outputPaths = (
			);
			runOnlyForDeploymentPostprocessing = 0;
			shellPath = /bin/sh;
			shellScript = "\"${SRCROOT}/Pods/Pods-resources.sh\"\n";
		};
/* End PBXShellScriptBuildPhase section */

/* Begin PBXSourcesBuildPhase section */
		208A1C141524F7FE00335F87 /* Sources */ = {
			isa = PBXSourcesBuildPhase;
			buildActionMask = 2147483647;
			files = (
				20EB21AA152CFBAA0009BC49 /* EGORefreshTableHeaderView.m in Sources */,
				20D8E412152B76C8006C7328 /* ListaPontoDeOnibusController.m in Sources */,
				208A1C291524F7FE00335F87 /* main.m in Sources */,
				208A1C2D1524F7FE00335F87 /* AppDelegate.m in Sources */,
				208A1C351524FB1700335F87 /* Ponto.m in Sources */,
				208A1C391524FB7100335F87 /* Onibus.m in Sources */,
				208A1C421524FD6700335F87 /* OnibusDataSource.m in Sources */,
				2039296D152612D600B791DF /* Parada.m in Sources */,
				203929711526134B00B791DF /* ParadaDataSource.m in Sources */,
				20392974152651E100B791DF /* DataSource.m in Sources */,
				2039297815265F6300B791DF /* ParadasViewController.m in Sources */,
				208DD3D5152A2B1100D730F8 /* MKMapView+ZoomOut.m in Sources */,
				208DD3DA152A2BCD00D730F8 /* Localizacao.m in Sources */,
				20D8E3C9152B63CA006C7328 /* UIViewController+NavigationController.m in Sources */,
				20D8E416152B77DC006C7328 /* PontosPorProximidadeController.m in Sources */,
				2070869A152CA3ED00EADA0F /* PontoDeOnibusController.m in Sources */,
				20EB2194152CBB5E0009BC49 /* AnnotationViewFactory.m in Sources */,
				20E3BD7C152DE888002CE5E6 /* UILabel+DetailLabel.m in Sources */,
				202B23671533654900619462 /* NSStringWithMaxSize.m in Sources */,
				20F5805C1535F76700F1CAAB /* GPSManager.m in Sources */,
				2053E9871549FE1900B9F3FD /* Appirater.m in Sources */,
				772FAEDE162F903F000DAC1F /* Sentido.m in Sources */,
				772FAEE2162F9289000DAC1F /* Operacao.m in Sources */,
				774C579616373A9500AAAF2A /* TempoRealDataSource.m in Sources */,
				774C579A1637438F00AAAF2A /* Veiculo.m in Sources */,
				201A05B01651563200CCC3B5 /* UIViewController+AutoOrientation.m in Sources */,
				201A05F416516C8500CCC3B5 /* UIDevice+iPhone.m in Sources */,
				77C0A5B317501B6D005D4823 /* DetalhesDoOnibusController.m in Sources */,
				77307D84175E996400B7B1E8 /* LegendaOnibus.m in Sources */,
				77307D8F175F7ED300B7B1E8 /* PontoUITableSection.m in Sources */,
				77307D95175FDD3000B7B1E8 /* BusaoSP.xcdatamodeld in Sources */,
				77307D9B175FE0E200B7B1E8 /* LinhaDeOnibus.m in Sources */,
				77307D9E175FE1EC00B7B1E8 /* NSManagedObject+ComFacilitadores.m in Sources */,
				7742E5FF17628F5700157A84 /* FavoritosController.m in Sources */,
				77C3081C176DF3FD009CCA8A /* OnibusTableCell.m in Sources */,
			);
			runOnlyForDeploymentPostprocessing = 0;
		};
/* End PBXSourcesBuildPhase section */

/* Begin PBXVariantGroup section */
		20B974FC15360CA2008DAD44 /* SemGps.xib */ = {
			isa = PBXVariantGroup;
			children = (
				20B974FB15360CA2008DAD44 /* en */,
				20B974FD15360CAF008DAD44 /* pt */,
			);
			name = SemGps.xib;
			sourceTree = "<group>";
		};
		20D8E408152B7174006C7328 /* Localizable.strings */ = {
			isa = PBXVariantGroup;
			children = (
				20D8E407152B7174006C7328 /* en */,
				20D8E409152B717C006C7328 /* pt */,
			);
			name = Localizable.strings;
			sourceTree = "<group>";
		};
/* End PBXVariantGroup section */

/* Begin XCBuildConfiguration section */
		202E7F151533D39900660A1B /* AdHoc */ = {
			isa = XCBuildConfiguration;
			buildSettings = {
				ALWAYS_SEARCH_USER_PATHS = NO;
				ARCHS = "$(ARCHS_STANDARD_32_BIT)";
				CLANG_ENABLE_OBJC_ARC = YES;
				CODE_SIGN_IDENTITY = "iPhone Distribution: Diego Chohfi Turini";
				"CODE_SIGN_IDENTITY[sdk=iphoneos*]" = "iPhone Distribution: Diego Chohfi Turini";
				COPY_PHASE_STRIP = YES;
				GCC_C_LANGUAGE_STANDARD = gnu99;
				GCC_VERSION = com.apple.compilers.llvm.clang.1_0;
				GCC_WARN_ABOUT_RETURN_TYPE = YES;
				GCC_WARN_UNINITIALIZED_AUTOS = YES;
				GCC_WARN_UNUSED_VARIABLE = YES;
				IPHONEOS_DEPLOYMENT_TARGET = 5.0;
				OTHER_CFLAGS = "-DNS_BLOCK_ASSERTIONS=1";
				PROVISIONING_PROFILE = "84C32072-86E6-456D-9A16-BBADB5807C65";
				"PROVISIONING_PROFILE[sdk=iphoneos*]" = "0618623A-E5E6-4094-8657-E8B5F926E703";
				SDKROOT = iphoneos;
				VALIDATE_PRODUCT = YES;
			};
			name = AdHoc;
		};
		202E7F161533D39900660A1B /* AdHoc */ = {
			isa = XCBuildConfiguration;
			baseConfigurationReference = 946F015939FB4246B6A1EA08 /* Pods.xcconfig */;
			buildSettings = {
				ARCHS = (
					"$(ARCHS_STANDARD_32_BIT)",
					armv6,
				);
				CODE_SIGN_IDENTITY = "iPhone Distribution: Erich Egert";
				"CODE_SIGN_IDENTITY[sdk=iphoneos*]" = "iPhone Developer: Erich Egert (J27P64BT4K)";
				FRAMEWORK_SEARCH_PATHS = (
					"$(inherited)",
					"\"$(SRCROOT)\"",
					"\"$(SRCROOT)/../../../Library/Developer/Xcode/DerivedData/KeyValueObjectMapping-fvpdhvkoxrglnsednjyxrzohrlqk/Build/Products/Release-iphoneos\"",
				);
				GCC_PRECOMPILE_PREFIX_HEADER = YES;
				GCC_PREFIX_HEADER = "Busao/BusaoSP-Prefix.pch";
				GCC_SYMBOLS_PRIVATE_EXTERN = NO;
				GCC_THUMB_SUPPORT = NO;
				INFOPLIST_FILE = "Busao/BusaoSP-Info.plist";
				IPHONEOS_DEPLOYMENT_TARGET = 6.0;
				OTHER_LDFLAGS = (
					"-ObjC",
					"-all_load",
				);
				PRODUCT_NAME = BusaoSP;
				PROVISIONING_PROFILE = "";
				"PROVISIONING_PROFILE[sdk=iphoneos*]" = "14D13CDB-840A-49D2-9795-5F2F7CF44995";
				TARGETED_DEVICE_FAMILY = "1,2";
				WRAPPER_EXTENSION = app;
			};
			name = AdHoc;
		};
		2056985F152E546700F030BA /* AppStore */ = {
			isa = XCBuildConfiguration;
			buildSettings = {
				ALWAYS_SEARCH_USER_PATHS = NO;
				ARCHS = "$(ARCHS_STANDARD_32_BIT)";
				CLANG_ENABLE_OBJC_ARC = YES;
				CODE_SIGN_IDENTITY = "iPhone Distribution: Diego Chohfi Turini";
				"CODE_SIGN_IDENTITY[sdk=iphoneos*]" = "iPhone Distribution: Diego Chohfi Turini";
				COPY_PHASE_STRIP = YES;
				GCC_C_LANGUAGE_STANDARD = gnu99;
				GCC_VERSION = com.apple.compilers.llvm.clang.1_0;
				GCC_WARN_ABOUT_RETURN_TYPE = YES;
				GCC_WARN_UNINITIALIZED_AUTOS = YES;
				GCC_WARN_UNUSED_VARIABLE = YES;
				IPHONEOS_DEPLOYMENT_TARGET = 5.0;
				OTHER_CFLAGS = "-DNS_BLOCK_ASSERTIONS=1";
				PROVISIONING_PROFILE = "84C32072-86E6-456D-9A16-BBADB5807C65";
				"PROVISIONING_PROFILE[sdk=iphoneos*]" = "84C32072-86E6-456D-9A16-BBADB5807C65";
				SDKROOT = iphoneos;
				VALIDATE_PRODUCT = YES;
			};
			name = AppStore;
		};
		20569860152E546700F030BA /* AppStore */ = {
			isa = XCBuildConfiguration;
			baseConfigurationReference = 946F015939FB4246B6A1EA08 /* Pods.xcconfig */;
			buildSettings = {
				ARCHS = (
					"$(ARCHS_STANDARD_32_BIT)",
					armv6,
				);
				CODE_SIGN_IDENTITY = "iPhone Distribution: Erich Egert";
				"CODE_SIGN_IDENTITY[sdk=iphoneos*]" = "iPhone Developer: Erich Egert (J27P64BT4K)";
				FRAMEWORK_SEARCH_PATHS = (
					"$(inherited)",
					"\"$(SRCROOT)\"",
					"\"$(SRCROOT)/../../../Library/Developer/Xcode/DerivedData/KeyValueObjectMapping-fvpdhvkoxrglnsednjyxrzohrlqk/Build/Products/Release-iphoneos\"",
				);
				GCC_PRECOMPILE_PREFIX_HEADER = YES;
				GCC_PREFIX_HEADER = "Busao/BusaoSP-Prefix.pch";
				GCC_SYMBOLS_PRIVATE_EXTERN = NO;
				GCC_THUMB_SUPPORT = NO;
				INFOPLIST_FILE = "Busao/BusaoSP-Info.plist";
				IPHONEOS_DEPLOYMENT_TARGET = 6.0;
				OTHER_LDFLAGS = (
					"-ObjC",
					"-all_load",
				);
				PRODUCT_NAME = BusaoSP;
				PROVISIONING_PROFILE = "";
				"PROVISIONING_PROFILE[sdk=iphoneos*]" = "14D13CDB-840A-49D2-9795-5F2F7CF44995";
				SKIP_INSTALL = NO;
				TARGETED_DEVICE_FAMILY = "1,2";
				WRAPPER_EXTENSION = app;
			};
			name = AppStore;
		};
		208A1C2E1524F7FE00335F87 /* Debug */ = {
			isa = XCBuildConfiguration;
			buildSettings = {
				ALWAYS_SEARCH_USER_PATHS = NO;
				ARCHS = "$(ARCHS_STANDARD_32_BIT)";
				CLANG_ENABLE_OBJC_ARC = YES;
				CODE_SIGN_IDENTITY = "iPhone Distribution: Diego Chohfi Turini";
				"CODE_SIGN_IDENTITY[sdk=iphoneos*]" = "iPhone Developer: Diego Chohfi Turini (2YX992EA5F)";
				COPY_PHASE_STRIP = NO;
				GCC_C_LANGUAGE_STANDARD = gnu99;
				GCC_DYNAMIC_NO_PIC = NO;
				GCC_OPTIMIZATION_LEVEL = 0;
				GCC_PREPROCESSOR_DEFINITIONS = (
					"DEBUG=1",
					"$(inherited)",
				);
				GCC_SYMBOLS_PRIVATE_EXTERN = NO;
				GCC_VERSION = com.apple.compilers.llvm.clang.1_0;
				GCC_WARN_ABOUT_RETURN_TYPE = YES;
				GCC_WARN_UNINITIALIZED_AUTOS = YES;
				GCC_WARN_UNUSED_VARIABLE = YES;
				IPHONEOS_DEPLOYMENT_TARGET = 5.0;
				PROVISIONING_PROFILE = "84C32072-86E6-456D-9A16-BBADB5807C65";
				"PROVISIONING_PROFILE[sdk=iphoneos*]" = "168FC83F-8119-4940-85FB-3D96978685CD";
				SDKROOT = iphoneos;
			};
			name = Debug;
		};
		208A1C2F1524F7FE00335F87 /* Release */ = {
			isa = XCBuildConfiguration;
			buildSettings = {
				ALWAYS_SEARCH_USER_PATHS = NO;
				ARCHS = "$(ARCHS_STANDARD_32_BIT)";
				CLANG_ENABLE_OBJC_ARC = YES;
				CODE_SIGN_IDENTITY = "iPhone Distribution: Diego Chohfi Turini";
				"CODE_SIGN_IDENTITY[sdk=iphoneos*]" = "iPhone Developer: Diego Chohfi Turini (2YX992EA5F)";
				COPY_PHASE_STRIP = YES;
				GCC_C_LANGUAGE_STANDARD = gnu99;
				GCC_VERSION = com.apple.compilers.llvm.clang.1_0;
				GCC_WARN_ABOUT_RETURN_TYPE = YES;
				GCC_WARN_UNINITIALIZED_AUTOS = YES;
				GCC_WARN_UNUSED_VARIABLE = YES;
				IPHONEOS_DEPLOYMENT_TARGET = 5.0;
				OTHER_CFLAGS = "-DNS_BLOCK_ASSERTIONS=1";
				PROVISIONING_PROFILE = "84C32072-86E6-456D-9A16-BBADB5807C65";
				"PROVISIONING_PROFILE[sdk=iphoneos*]" = "168FC83F-8119-4940-85FB-3D96978685CD";
				SDKROOT = iphoneos;
				VALIDATE_PRODUCT = YES;
			};
			name = Release;
		};
		208A1C311524F7FE00335F87 /* Debug */ = {
			isa = XCBuildConfiguration;
			baseConfigurationReference = 946F015939FB4246B6A1EA08 /* Pods.xcconfig */;
			buildSettings = {
				ARCHS = (
					"$(ARCHS_STANDARD_32_BIT)",
					armv6,
				);
				CODE_SIGN_IDENTITY = "iPhone Distribution: Erich Egert";
				"CODE_SIGN_IDENTITY[sdk=iphoneos*]" = "iPhone Developer: Erich Egert (J27P64BT4K)";
				FRAMEWORK_SEARCH_PATHS = (
					"$(inherited)",
					"\"$(SRCROOT)\"",
					"\"$(SRCROOT)/../../../Library/Developer/Xcode/DerivedData/KeyValueObjectMapping-fvpdhvkoxrglnsednjyxrzohrlqk/Build/Products/Release-iphoneos\"",
				);
				GCC_PRECOMPILE_PREFIX_HEADER = YES;
				GCC_PREFIX_HEADER = "Busao/BusaoSP-Prefix.pch";
				GCC_SYMBOLS_PRIVATE_EXTERN = NO;
				GCC_THUMB_SUPPORT = NO;
				INFOPLIST_FILE = "Busao/BusaoSP-Info.plist";
				IPHONEOS_DEPLOYMENT_TARGET = 6.0;
				OTHER_LDFLAGS = (
					"-ObjC",
					"-all_load",
				);
				PRODUCT_NAME = BusaoSP;
				PROVISIONING_PROFILE = "";
				"PROVISIONING_PROFILE[sdk=iphoneos*]" = "14D13CDB-840A-49D2-9795-5F2F7CF44995";
				TARGETED_DEVICE_FAMILY = "1,2";
				VALIDATE_PRODUCT = YES;
				WRAPPER_EXTENSION = app;
			};
			name = Debug;
		};
		208A1C321524F7FE00335F87 /* Release */ = {
			isa = XCBuildConfiguration;
			baseConfigurationReference = 946F015939FB4246B6A1EA08 /* Pods.xcconfig */;
			buildSettings = {
				ARCHS = (
					"$(ARCHS_STANDARD_32_BIT)",
					armv6,
				);
				CODE_SIGN_IDENTITY = "iPhone Distribution: Erich Egert";
				"CODE_SIGN_IDENTITY[sdk=iphoneos*]" = "iPhone Developer: Erich Egert (J27P64BT4K)";
				FRAMEWORK_SEARCH_PATHS = (
					"$(inherited)",
					"\"$(SRCROOT)\"",
					"\"$(SRCROOT)/../../../Library/Developer/Xcode/DerivedData/KeyValueObjectMapping-fvpdhvkoxrglnsednjyxrzohrlqk/Build/Products/Release-iphoneos\"",
				);
				GCC_PRECOMPILE_PREFIX_HEADER = YES;
				GCC_PREFIX_HEADER = "Busao/BusaoSP-Prefix.pch";
				GCC_SYMBOLS_PRIVATE_EXTERN = NO;
				GCC_THUMB_SUPPORT = NO;
				INFOPLIST_FILE = "Busao/BusaoSP-Info.plist";
				IPHONEOS_DEPLOYMENT_TARGET = 6.0;
				OTHER_LDFLAGS = (
					"-ObjC",
					"-all_load",
				);
				PRODUCT_NAME = BusaoSP;
				PROVISIONING_PROFILE = "";
				"PROVISIONING_PROFILE[sdk=iphoneos*]" = "14D13CDB-840A-49D2-9795-5F2F7CF44995";
				TARGETED_DEVICE_FAMILY = "1,2";
				WRAPPER_EXTENSION = app;
			};
			name = Release;
		};
/* End XCBuildConfiguration section */

/* Begin XCConfigurationList section */
		208A1C121524F7FE00335F87 /* Build configuration list for PBXProject "BusaoSP" */ = {
			isa = XCConfigurationList;
			buildConfigurations = (
				208A1C2E1524F7FE00335F87 /* Debug */,
				208A1C2F1524F7FE00335F87 /* Release */,
				2056985F152E546700F030BA /* AppStore */,
				202E7F151533D39900660A1B /* AdHoc */,
			);
			defaultConfigurationIsVisible = 0;
			defaultConfigurationName = Release;
		};
		208A1C301524F7FE00335F87 /* Build configuration list for PBXNativeTarget "BusaoSP" */ = {
			isa = XCConfigurationList;
			buildConfigurations = (
				208A1C311524F7FE00335F87 /* Debug */,
				208A1C321524F7FE00335F87 /* Release */,
				20569860152E546700F030BA /* AppStore */,
				202E7F161533D39900660A1B /* AdHoc */,
			);
			defaultConfigurationIsVisible = 0;
			defaultConfigurationName = Release;
		};
/* End XCConfigurationList section */

/* Begin XCVersionGroup section */
		77307D93175FDD3000B7B1E8 /* BusaoSP.xcdatamodeld */ = {
			isa = XCVersionGroup;
			children = (
				77307D94175FDD3000B7B1E8 /* BusaoSP.xcdatamodel */,
			);
			currentVersion = 77307D94175FDD3000B7B1E8 /* BusaoSP.xcdatamodel */;
			path = BusaoSP.xcdatamodeld;
			sourceTree = "<group>";
			versionGroupType = wrapper.xcdatamodel;
		};
/* End XCVersionGroup section */
	};
	rootObject = 208A1C0F1524F7FE00335F87 /* Project object */;
}
